<?xml version="1.0" encoding="utf-8"?>
<Project ToolsVersion="4.0" xmlns="http://schemas.microsoft.com/developer/msbuild/2003">
  <ItemGroup>
    <Filter Include="Source Files">
      <UniqueIdentifier>{4FC737F1-C7A5-4376-A066-2A32D752A2FF}</UniqueIdentifier>
      <Extensions>cpp;c;cc;cxx;def;odl;idl;hpj;bat;asm;asmx</Extensions>
    </Filter>
    <Filter Include="Header Files">
      <UniqueIdentifier>{93995380-89BD-4b04-88EB-625FBE52EBFB}</UniqueIdentifier>
      <Extensions>h;hh;hpp;hxx;hm;inl;inc;xsd</Extensions>
    </Filter>
    <Filter Include="Resource Files">
      <UniqueIdentifier>{67DA6AB6-F800-4c08-8B7A-83BB121AAD01}</UniqueIdentifier>
      <Extensions>rc;ico;cur;bmp;dlg;rc2;rct;bin;rgs;gif;jpg;jpeg;jpe;resx;tiff;tif;png;wav;mfcribbon-ms</Extensions>
    </Filter>
    <Filter Include="Header Files\Models">
      <UniqueIdentifier>{9532ef3c-f4d8-4ffa-a082-662830f7d96a}</UniqueIdentifier>
    </Filter>
    <Filter Include="Source Files\Models">
      <UniqueIdentifier>{459f6422-3614-4fe5-8539-5b0e08efb240}</UniqueIdentifier>
    </Filter>
    <Filter Include="Header Files\Utils">
      <UniqueIdentifier>{c5a177aa-e667-45db-b2fb-88ba48448c41}</UniqueIdentifier>
    </Filter>
    <Filter Include="Header Files\Services">
      <UniqueIdentifier>{17cf50d4-ed3b-4590-b7b4-4c1e2c4ec5d2}</UniqueIdentifier>
    </Filter>
    <Filter Include="Source Files\Services">
      <UniqueIdentifier>{ab86ef35-d4d5-4c4f-83a1-0a40ef3947a8}</UniqueIdentifier>
    </Filter>
  </ItemGroup>
  <ItemGroup>
    <Text Include="ReadMe.txt" />
  </ItemGroup>
  <ItemGroup>
    <ClInclude Include="stdafx.h">
      <Filter>Header Files</Filter>
    </ClInclude>
    <ClInclude Include="targetver.h">
      <Filter>Header Files</Filter>
    </ClInclude>
    <ClInclude Include="Cabinet.h">
      <Filter>Header Files\Models</Filter>
    </ClInclude>
    <ClInclude Include="Delay.h">
      <Filter>Header Files\Models</Filter>
    </ClInclude>
    <ClInclude Include="Modulation.h">
      <Filter>Header Files\Models</Filter>
    </ClInclude>
    <ClInclude Include="Device.h">
      <Filter>Header Files\Models</Filter>
    </ClInclude>
    <ClInclude Include="Parameter.h">
      <Filter>Header Files\Models</Filter>
    </ClInclude>
    <ClInclude Include="Patch.h">
      <Filter>Header Files\Models</Filter>
    </ClInclude>
    <ClInclude Include="Pedal.h">
      <Filter>Header Files\Models</Filter>
    </ClInclude>
    <ClInclude Include="Poweramp.h">
      <Filter>Header Files\Models</Filter>
    </ClInclude>
    <ClInclude Include="Preamp.h">
      <Filter>Header Files\Models</Filter>
    </ClInclude>
    <ClInclude Include="Reverb.h">
      <Filter>Header Files\Models</Filter>
    </ClInclude>
    <ClInclude Include="RawPatch.h">
      <Filter>Header Files\Models</Filter>
    </ClInclude>
    <ClInclude Include="RfcommChannel.h">
      <Filter>Header Files\Utils</Filter>
    </ClInclude>
    <ClInclude Include="MarshallSysExMessage.h">
      <Filter>Header Files\Utils</Filter>
    </ClInclude>
    <ClInclude Include="MarshallCodeService.h">
      <Filter>Header Files\Services</Filter>
    </ClInclude>
    <ClInclude Include="MarshallCode.h">
      <Filter>Header Files</Filter>
    </ClInclude>
    <ClInclude Include="Log.h">
      <Filter>Header Files\Utils</Filter>
    </ClInclude>
  </ItemGroup>
  <ItemGroup>
    <ClCompile Include="stdafx.cpp">
      <Filter>Source Files</Filter>
    </ClCompile>
    <ClCompile Include="Cabinet.cpp">
      <Filter>Source Files\Models</Filter>
    </ClCompile>
    <ClCompile Include="Delay.cpp">
      <Filter>Source Files\Models</Filter>
    </ClCompile>
    <ClCompile Include="Modulation.cpp">
      <Filter>Source Files\Models</Filter>
    </ClCompile>
    <ClCompile Include="Pedal.cpp">
      <Filter>Source Files\Models</Filter>
    </ClCompile>
    <ClCompile Include="Poweramp.cpp">
      <Filter>Source Files\Models</Filter>
    </ClCompile>
    <ClCompile Include="Preamp.cpp">
      <Filter>Source Files\Models</Filter>
    </ClCompile>
    <ClCompile Include="Reverb.cpp">
      <Filter>Source Files\Models</Filter>
    </ClCompile>
    <ClCompile Include="MarshallCodeService.cpp">
      <Filter>Source Files\Services</Filter>
    </ClCompile>
    <ClCompile Include="Log.cpp">
      <Filter>Source Files</Filter>
    </ClCompile>
  </ItemGroup>
</Project>